
Microsoft Visual Studio Solution File, Format Version 12.00
# Visual Studio Version 17
VisualStudioVersion = 17.0.31903.59
MinimumVisualStudioVersion = 10.0.40219.1
Project("{FAE04EC0-301F-11D3-BF4B-00C04F79EFBC}") = "CL.WebAPI", "CL.WebAPI.App\CL.WebAPI\CL.WebAPI.csproj", "{70D7107D-151A-41EE-A368-3D6B170771D7}"
EndProject
Project("{FAE04EC0-301F-11D3-BF4B-00C04F79EFBC}") = "CL.Manager", "CL.Manager\CL.Manager.csproj", "{46A96627-F756-4BE7-9A15-093A22DC2644}"
EndProject
Project("{FAE04EC0-301F-11D3-BF4B-00C04F79EFBC}") = "CL.Core", "CL.Core\CL.Core.csproj", "{0ADFAE62-9429-4F2B-9A0B-68CB6042542D}"
EndProject
Project("{FAE04EC0-301F-11D3-BF4B-00C04F79EFBC}") = "CL.Data", "CL.Data\CL.Data.csproj", "{6C87DB28-CFF4-4772-BF1C-A93C606179C4}"
EndProject
Project("{FAE04EC0-301F-11D3-BF4B-00C04F79EFBC}") = "CL.Tests", "CL.Tests\CL.Tests.csproj", "{60BDA53C-C302-4DE7-9211-30BD891B763B}"
EndProject
Global
	GlobalSection(SolutionConfigurationPlatforms) = preSolution
		Debug|Any CPU = Debug|Any CPU
		Debug|x64 = Debug|x64
		Debug|x86 = Debug|x86
		Release|Any CPU = Release|Any CPU
		Release|x64 = Release|x64
		Release|x86 = Release|x86
	EndGlobalSection
	GlobalSection(ProjectConfigurationPlatforms) = postSolution
		{70D7107D-151A-41EE-A368-3D6B170771D7}.Debug|Any CPU.ActiveCfg = Debug|Any CPU
		{70D7107D-151A-41EE-A368-3D6B170771D7}.Debug|Any CPU.Build.0 = Debug|Any CPU
		{70D7107D-151A-41EE-A368-3D6B170771D7}.Debug|x64.ActiveCfg = Debug|Any CPU
		{70D7107D-151A-41EE-A368-3D6B170771D7}.Debug|x64.Build.0 = Debug|Any CPU
		{70D7107D-151A-41EE-A368-3D6B170771D7}.Debug|x86.ActiveCfg = Debug|Any CPU
		{70D7107D-151A-41EE-A368-3D6B170771D7}.Debug|x86.Build.0 = Debug|Any CPU
		{70D7107D-151A-41EE-A368-3D6B170771D7}.Release|Any CPU.ActiveCfg = Release|Any CPU
		{70D7107D-151A-41EE-A368-3D6B170771D7}.Release|Any CPU.Build.0 = Release|Any CPU
		{70D7107D-151A-41EE-A368-3D6B170771D7}.Release|x64.ActiveCfg = Release|Any CPU
		{70D7107D-151A-41EE-A368-3D6B170771D7}.Release|x64.Build.0 = Release|Any CPU
		{70D7107D-151A-41EE-A368-3D6B170771D7}.Release|x86.ActiveCfg = Release|Any CPU
		{70D7107D-151A-41EE-A368-3D6B170771D7}.Release|x86.Build.0 = Release|Any CPU
		{46A96627-F756-4BE7-9A15-093A22DC2644}.Debug|Any CPU.ActiveCfg = Debug|Any CPU
		{46A96627-F756-4BE7-9A15-093A22DC2644}.Debug|Any CPU.Build.0 = Debug|Any CPU
		{46A96627-F756-4BE7-9A15-093A22DC2644}.Debug|x64.ActiveCfg = Debug|Any CPU
		{46A96627-F756-4BE7-9A15-093A22DC2644}.Debug|x64.Build.0 = Debug|Any CPU
		{46A96627-F756-4BE7-9A15-093A22DC2644}.Debug|x86.ActiveCfg = Debug|Any CPU
		{46A96627-F756-4BE7-9A15-093A22DC2644}.Debug|x86.Build.0 = Debug|Any CPU
		{46A96627-F756-4BE7-9A15-093A22DC2644}.Release|Any CPU.ActiveCfg = Release|Any CPU
		{46A96627-F756-4BE7-9A15-093A22DC2644}.Release|Any CPU.Build.0 = Release|Any CPU
		{46A96627-F756-4BE7-9A15-093A22DC2644}.Release|x64.ActiveCfg = Release|Any CPU
		{46A96627-F756-4BE7-9A15-093A22DC2644}.Release|x64.Build.0 = Release|Any CPU
		{46A96627-F756-4BE7-9A15-093A22DC2644}.Release|x86.ActiveCfg = Release|Any CPU
		{46A96627-F756-4BE7-9A15-093A22DC2644}.Release|x86.Build.0 = Release|Any CPU
		{0ADFAE62-9429-4F2B-9A0B-68CB6042542D}.Debug|Any CPU.ActiveCfg = Debug|Any CPU
		{0ADFAE62-9429-4F2B-9A0B-68CB6042542D}.Debug|Any CPU.Build.0 = Debug|Any CPU
		{0ADFAE62-9429-4F2B-9A0B-68CB6042542D}.Debug|x64.ActiveCfg = Debug|Any CPU
		{0ADFAE62-9429-4F2B-9A0B-68CB6042542D}.Debug|x64.Build.0 = Debug|Any CPU
		{0ADFAE62-9429-4F2B-9A0B-68CB6042542D}.Debug|x86.ActiveCfg = Debug|Any CPU
		{0ADFAE62-9429-4F2B-9A0B-68CB6042542D}.Debug|x86.Build.0 = Debug|Any CPU
		{0ADFAE62-9429-4F2B-9A0B-68CB6042542D}.Release|Any CPU.ActiveCfg = Release|Any CPU
		{0ADFAE62-9429-4F2B-9A0B-68CB6042542D}.Release|Any CPU.Build.0 = Release|Any CPU
		{0ADFAE62-9429-4F2B-9A0B-68CB6042542D}.Release|x64.ActiveCfg = Release|Any CPU
		{0ADFAE62-9429-4F2B-9A0B-68CB6042542D}.Release|x64.Build.0 = Release|Any CPU
		{0ADFAE62-9429-4F2B-9A0B-68CB6042542D}.Release|x86.ActiveCfg = Release|Any CPU
		{0ADFAE62-9429-4F2B-9A0B-68CB6042542D}.Release|x86.Build.0 = Release|Any CPU
		{6C87DB28-CFF4-4772-BF1C-A93C606179C4}.Debug|Any CPU.ActiveCfg = Debug|Any CPU
		{6C87DB28-CFF4-4772-BF1C-A93C606179C4}.Debug|Any CPU.Build.0 = Debug|Any CPU
		{6C87DB28-CFF4-4772-BF1C-A93C606179C4}.Debug|x64.ActiveCfg = Debug|Any CPU
		{6C87DB28-CFF4-4772-BF1C-A93C606179C4}.Debug|x64.Build.0 = Debug|Any CPU
		{6C87DB28-CFF4-4772-BF1C-A93C606179C4}.Debug|x86.ActiveCfg = Debug|Any CPU
		{6C87DB28-CFF4-4772-BF1C-A93C606179C4}.Debug|x86.Build.0 = Debug|Any CPU
		{6C87DB28-CFF4-4772-BF1C-A93C606179C4}.Release|Any CPU.ActiveCfg = Release|Any CPU
		{6C87DB28-CFF4-4772-BF1C-A93C606179C4}.Release|Any CPU.Build.0 = Release|Any CPU
		{6C87DB28-CFF4-4772-BF1C-A93C606179C4}.Release|x64.ActiveCfg = Release|Any CPU
		{6C87DB28-CFF4-4772-BF1C-A93C606179C4}.Release|x64.Build.0 = Release|Any CPU
		{6C87DB28-CFF4-4772-BF1C-A93C606179C4}.Release|x86.ActiveCfg = Release|Any CPU
		{6C87DB28-CFF4-4772-BF1C-A93C606179C4}.Release|x86.Build.0 = Release|Any CPU
		{60BDA53C-C302-4DE7-9211-30BD891B763B}.Debug|Any CPU.ActiveCfg = Debug|Any CPU
		{60BDA53C-C302-4DE7-9211-30BD891B763B}.Debug|Any CPU.Build.0 = Debug|Any CPU
		{60BDA53C-C302-4DE7-9211-30BD891B763B}.Debug|x64.ActiveCfg = Debug|Any CPU
		{60BDA53C-C302-4DE7-9211-30BD891B763B}.Debug|x64.Build.0 = Debug|Any CPU
		{60BDA53C-C302-4DE7-9211-30BD891B763B}.Debug|x86.ActiveCfg = Debug|Any CPU
		{60BDA53C-C302-4DE7-9211-30BD891B763B}.Debug|x86.Build.0 = Debug|Any CPU
		{60BDA53C-C302-4DE7-9211-30BD891B763B}.Release|Any CPU.ActiveCfg = Release|Any CPU
		{60BDA53C-C302-4DE7-9211-30BD891B763B}.Release|Any CPU.Build.0 = Release|Any CPU
		{60BDA53C-C302-4DE7-9211-30BD891B763B}.Release|x64.ActiveCfg = Release|Any CPU
		{60BDA53C-C302-4DE7-9211-30BD891B763B}.Release|x64.Build.0 = Release|Any CPU
		{60BDA53C-C302-4DE7-9211-30BD891B763B}.Release|x86.ActiveCfg = Release|Any CPU
		{60BDA53C-C302-4DE7-9211-30BD891B763B}.Release|x86.Build.0 = Release|Any CPU
	EndGlobalSection
	GlobalSection(SolutionProperties) = preSolution
		HideSolutionNode = FALSE
	EndGlobalSection
EndGlobal
